# THIS IS AN AUTOGENERATED FILE. DO NOT EDIT THIS FILE DIRECTLY.
# yarn lockfile v1


"@prisma/client@5.15.0":
  version "5.15.0"
  resolved "https://registry.yarnpkg.com/@prisma/client/-/client-5.15.0.tgz#a9443ace9b8a8d57aff70647168e95f2f55c5dc9"
  integrity sha512-wPTeTjbd2Q0abOeffN7zCDCbkp9C9cF+e9HPiI64lmpehyq2TepgXE+sY7FXr7Rhbb21prLMnhXX27/E11V09w==

"@prisma/debug@5.15.0":
  version "5.15.0"
  resolved "https://npm.yandex-team.ru/@prisma%2fdebug/-/debug-5.15.0.tgz?rbtorrent=#a4c1d8dbca9cf29aab1c82a56a65224ed3e05f13"
  integrity sha512-QpEAOjieLPc/4sMny/WrWqtpIAmBYsgqwWlWwIctqZO0AbhQ9QcT6x2Ut3ojbDo/pFRCCA1Z1+xm2MUy7fAkZA==

"@prisma/engines-version@5.15.0-29.12e25d8d06f6ea5a0252864dd9a03b1bb51f3022":
  version "5.15.0-29.12e25d8d06f6ea5a0252864dd9a03b1bb51f3022"
  resolved "https://npm.yandex-team.ru/@prisma%2fengines-version/-/engines-version-5.15.0-29.12e25d8d06f6ea5a0252864dd9a03b1bb51f3022.tgz?rbtorrent=#4469a372b74088db05c0fc8cff65f229b804fa51"
  integrity sha512-3BEgZ41Qb4oWHz9kZNofToRvNeS4LZYaT9pienR1gWkjhky6t6K1NyeWNBkqSj2llgraUNbgMOCQPY4f7Qp5wA==

"@prisma/engines@5.15.0":
  version "5.15.0"
  resolved "https://npm.yandex-team.ru/@prisma%2fengines/-/engines-5.15.0.tgz?rbtorrent=#bddf1973b5b0d2ebed473ed445b1a7c8dd23300b"
  integrity sha512-hXL5Sn9hh/ZpRKWiyPA5GbvF3laqBHKt6Vo70hYqqOhh5e0ZXDzHcdmxNvOefEFeqxra2DMz2hNbFoPvqrVe1w==
  dependencies:
    "@prisma/debug" "5.15.0"
    "@prisma/engines-version" "5.15.0-29.12e25d8d06f6ea5a0252864dd9a03b1bb51f3022"
    "@prisma/fetch-engine" "5.15.0"
    "@prisma/get-platform" "5.15.0"

"@prisma/fetch-engine@5.15.0":
  version "5.15.0"
  resolved "https://npm.yandex-team.ru/@prisma%2ffetch-engine/-/fetch-engine-5.15.0.tgz?rbtorrent=#f5bafd6aed3f58c41b5d0d6f832d652aa5d4cde7"
  integrity sha512-z6AY5yyXxc20Klj7wwnfGP0iIUkVKzybqapT02zLYR/nf9ynaeN8bq73WRmi1TkLYn+DJ5Qy+JGu7hBf1pE78A==
  dependencies:
    "@prisma/debug" "5.15.0"
    "@prisma/engines-version" "5.15.0-29.12e25d8d06f6ea5a0252864dd9a03b1bb51f3022"
    "@prisma/get-platform" "5.15.0"

"@prisma/get-platform@5.15.0":
  version "5.15.0"
  resolved "https://npm.yandex-team.ru/@prisma%2fget-platform/-/get-platform-5.15.0.tgz?rbtorrent=#d39fbe8458432f76afeb6c9199bffae73db4f5cc"
  integrity sha512-1GULDkW4+/VQb73vihxCBSc4Chc2x88MA+O40tcZFjmBzG4/fF44PaXFxUqKSFltxU9L9GIMLhh0Gfkk/pUbtg==
  dependencies:
    "@prisma/debug" "5.15.0"

prisma@^5.15.0:
  version "5.15.0"
  resolved "https://npm.yandex-team.ru/prisma/-/prisma-5.15.0.tgz?rbtorrent=#887c295caa1b81b8849d94a2751cc0e0994f86d1"
  integrity sha512-JA81ACQSCi3a7NUOgonOIkdx8PAVkO+HbUOxmd00Yb8DgIIEpr2V9+Qe/j6MLxIgWtE/OtVQ54rVjfYRbZsCfw==
  dependencies:
    "@prisma/engines" "5.15.0"
